{
  "name": "recursive-dependency",
  "lockfileVersion": 2,
  "requires": true,
  "packages": {
    "": {
      "dependencies": {
        "a": "^1.0.0"
      }
    },
    "node_modules/a": {
      "version": "1.0.0",
      "resolved": "https://not-a-registry.npmjs.org/a/-/a-1.0.0.tgz",
      "integrity": "sha512-WjOpFQgKK8VrCnAtl8We0SUOy/oVZ5NHykyMiagV1M9r8IFpIJX7DduK6n1mpfhlG7T1NLWm2SuD8QB7KFySaA==",
      "dependencies": {
        "b": "^1.0.0"
      }
    },
    "node_modules/b": {
      "version": "1.0.0",
      "resolved": "https://not-a-registry.npmjs.org/b/-/b-1.0.0.tgz",
      "integrity": "sha512-uuQC43IGctw68pJA1RgbQS8/NP7rch6Cwd4j3ZBtgo4/8Flj4eGE7ZYSZRN3iq5pVUv6GPdW5Z1RFleo84uLDA==",
      "peerDependencies": {
        "a": ">=5"
      }
    }
  },
  "dependencies": {
    "a": {
      "version": "1.0.0",
      "resolved": "https://not-a-registry.npmjs.org/a/-/a-1.0.0.tgz",
      "integrity": "sha512-WjOpFQgKK8VrCnAtl8We0SUOy/oVZ5NHykyMiagV1M9r8IFpIJX7DduK6n1mpfhlG7T1NLWm2SuD8QB7KFySaA==",
      "requires": {
        "b": "^1.0.0"
      }
    },
    "b": {
      "version": "1.0.0",
      "resolved": "https://not-a-registry.npmjs.org/b/-/b-1.0.0.tgz",
      "integrity": "sha512-uuQC43IGctw68pJA1RgbQS8/NP7rch6Cwd4j3ZBtgo4/8Flj4eGE7ZYSZRN3iq5pVUv6GPdW5Z1RFleo84uLDA=="
    }
  }
}
